
Microsoft Visual Studio Solution File, Format Version 12.00
# Visual Studio 15
VisualStudioVersion = 15.0.28307.902
MinimumVisualStudioVersion = 10.0.40219.1
Project("{9A19103F-16F7-4668-BE54-9A1E7A4F7556}") = "WookieBooksApi", "WookieBooksApi\WookieBooksApi.csproj", "{D6C2129A-640E-4392-812F-8ED3AE31B26B}"
EndProject
Project("{FAE04EC0-301F-11D3-BF4B-00C04F79EFBC}") = "WookieBooksAPI.UnitTest", "WookieBooksAPI.UnitTest\WookieBooksAPI.UnitTest.csproj", "{4A805C6F-2D9F-4C35-9577-4D14261A48B9}"
EndProject
Global
	GlobalSection(SolutionConfigurationPlatforms) = preSolution
		Debug|Any CPU = Debug|Any CPU
		Release|Any CPU = Release|Any CPU
	EndGlobalSection
	GlobalSection(ProjectConfigurationPlatforms) = postSolution
		{D6C2129A-640E-4392-812F-8ED3AE31B26B}.Debug|Any CPU.ActiveCfg = Debug|Any CPU
		{D6C2129A-640E-4392-812F-8ED3AE31B26B}.Debug|Any CPU.Build.0 = Debug|Any CPU
		{D6C2129A-640E-4392-812F-8ED3AE31B26B}.Release|Any CPU.ActiveCfg = Release|Any CPU
		{D6C2129A-640E-4392-812F-8ED3AE31B26B}.Release|Any CPU.Build.0 = Release|Any CPU
		{4A805C6F-2D9F-4C35-9577-4D14261A48B9}.Debug|Any CPU.ActiveCfg = Debug|Any CPU
		{4A805C6F-2D9F-4C35-9577-4D14261A48B9}.Debug|Any CPU.Build.0 = Debug|Any CPU
		{4A805C6F-2D9F-4C35-9577-4D14261A48B9}.Release|Any CPU.ActiveCfg = Release|Any CPU
		{4A805C6F-2D9F-4C35-9577-4D14261A48B9}.Release|Any CPU.Build.0 = Release|Any CPU
	EndGlobalSection
	GlobalSection(SolutionProperties) = preSolution
		HideSolutionNode = FALSE
	EndGlobalSection
	GlobalSection(ExtensibilityGlobals) = postSolution
		SolutionGuid = {6A1FD7F5-67AE-4E72-BD86-4F8CBC1B0B3E}
	EndGlobalSection
EndGlobal
